// !$*UTF8*$!
{
	archiveVersion = 1;
	classes = {
	};
	objectVersion = 46;
	objects = {

/* Begin PBXBuildFile section */
		3F17574B1B0610AC0085EFA8 /* main.m in Sources */ = {isa = PBXBuildFile; fileRef = 3F17574A1B0610AC0085EFA8 /* main.m */; };
		3F17574E1B0610AC0085EFA8 /* AppDelegate.m in Sources */ = {isa = PBXBuildFile; fileRef = 3F17574D1B0610AC0085EFA8 /* AppDelegate.m */; };
		3F1757511B0610AC0085EFA8 /* MasterViewController.m in Sources */ = {isa = PBXBuildFile; fileRef = 3F1757501B0610AC0085EFA8 /* MasterViewController.m */; };
		3F1757541B0610AC0085EFA8 /* DetailViewController.m in Sources */ = {isa = PBXBuildFile; fileRef = 3F1757531B0610AC0085EFA8 /* DetailViewController.m */; };
		3F1757571B0610AC0085EFA8 /* Main.storyboard in Resources */ = {isa = PBXBuildFile; fileRef = 3F1757551B0610AC0085EFA8 /* Main.storyboard */; };
		3F1757591B0610AC0085EFA8 /* Images.xcassets in Resources */ = {isa = PBXBuildFile; fileRef = 3F1757581B0610AC0085EFA8 /* Images.xcassets */; };
		3F17575C1B0610AC0085EFA8 /* LaunchScreen.xib in Resources */ = {isa = PBXBuildFile; fileRef = 3F17575A1B0610AC0085EFA8 /* LaunchScreen.xib */; };
		3F1757741B06256E0085EFA8 /* TopicTests.m in Sources */ = {isa = PBXBuildFile; fileRef = 3F1757731B06256E0085EFA8 /* TopicTests.m */; };
		3F1757771B0625DF0085EFA8 /* Topic.m in Sources */ = {isa = PBXBuildFile; fileRef = 3F1757761B0625DF0085EFA8 /* Topic.m */; };
/* End PBXBuildFile section */

/* Begin PBXContainerItemProxy section */
		3F1757621B0610AC0085EFA8 /* PBXContainerItemProxy */ = {
			isa = PBXContainerItemProxy;
			containerPortal = 3F17573D1B0610AC0085EFA8 /* Project object */;
			proxyType = 1;
			remoteGlobalIDString = 3F1757441B0610AC0085EFA8;
			remoteInfo = MyBrowseOverflow;
		};
/* End PBXContainerItemProxy section */

/* Begin PBXFileReference section */
		3F1757451B0610AC0085EFA8 /* MyBrowseOverflow.app */ = {isa = PBXFileReference; explicitFileType = wrapper.application; includeInIndex = 0; path = MyBrowseOverflow.app; sourceTree = BUILT_PRODUCTS_DIR; };
		3F1757491B0610AC0085EFA8 /* Info.plist */ = {isa = PBXFileReference; lastKnownFileType = text.plist.xml; path = Info.plist; sourceTree = "<group>"; };
		3F17574A1B0610AC0085EFA8 /* main.m */ = {isa = PBXFileReference; lastKnownFileType = sourcecode.c.objc; path = main.m; sourceTree = "<group>"; };
		3F17574C1B0610AC0085EFA8 /* AppDelegate.h */ = {isa = PBXFileReference; lastKnownFileType = sourcecode.c.h; path = AppDelegate.h; sourceTree = "<group>"; };
		3F17574D1B0610AC0085EFA8 /* AppDelegate.m */ = {isa = PBXFileReference; lastKnownFileType = sourcecode.c.objc; path = AppDelegate.m; sourceTree = "<group>"; };
		3F17574F1B0610AC0085EFA8 /* MasterViewController.h */ = {isa = PBXFileReference; lastKnownFileType = sourcecode.c.h; path = MasterViewController.h; sourceTree = "<group>"; };
		3F1757501B0610AC0085EFA8 /* MasterViewController.m */ = {isa = PBXFileReference; lastKnownFileType = sourcecode.c.objc; path = MasterViewController.m; sourceTree = "<group>"; };
		3F1757521B0610AC0085EFA8 /* DetailViewController.h */ = {isa = PBXFileReference; lastKnownFileType = sourcecode.c.h; path = DetailViewController.h; sourceTree = "<group>"; };
		3F1757531B0610AC0085EFA8 /* DetailViewController.m */ = {isa = PBXFileReference; lastKnownFileType = sourcecode.c.objc; path = DetailViewController.m; sourceTree = "<group>"; };
		3F1757561B0610AC0085EFA8 /* Base */ = {isa = PBXFileReference; lastKnownFileType = file.storyboard; name = Base; path = Base.lproj/Main.storyboard; sourceTree = "<group>"; };
		3F1757581B0610AC0085EFA8 /* Images.xcassets */ = {isa = PBXFileReference; lastKnownFileType = folder.assetcatalog; path = Images.xcassets; sourceTree = "<group>"; };
		3F17575B1B0610AC0085EFA8 /* Base */ = {isa = PBXFileReference; lastKnownFileType = file.xib; name = Base; path = Base.lproj/LaunchScreen.xib; sourceTree = "<group>"; };
		3F1757611B0610AC0085EFA8 /* MyBrowseOverflowTests.xctest */ = {isa = PBXFileReference; explicitFileType = wrapper.cfbundle; includeInIndex = 0; path = MyBrowseOverflowTests.xctest; sourceTree = BUILT_PRODUCTS_DIR; };
		3F1757661B0610AC0085EFA8 /* Info.plist */ = {isa = PBXFileReference; lastKnownFileType = text.plist.xml; path = Info.plist; sourceTree = "<group>"; };
		3F1757731B06256E0085EFA8 /* TopicTests.m */ = {isa = PBXFileReference; fileEncoding = 4; lastKnownFileType = sourcecode.c.objc; path = TopicTests.m; sourceTree = "<group>"; };
		3F1757751B0625DF0085EFA8 /* Topic.h */ = {isa = PBXFileReference; fileEncoding = 4; lastKnownFileType = sourcecode.c.h; path = Topic.h; sourceTree = "<group>"; };
		3F1757761B0625DF0085EFA8 /* Topic.m */ = {isa = PBXFileReference; fileEncoding = 4; lastKnownFileType = sourcecode.c.objc; path = Topic.m; sourceTree = "<group>"; };
		3F1757781B0627EF0085EFA8 /* MyBrowseOverflowTests-Prefix.pch */ = {isa = PBXFileReference; fileEncoding = 4; lastKnownFileType = sourcecode.c.h; path = "MyBrowseOverflowTests-Prefix.pch"; sourceTree = "<group>"; };
/* End PBXFileReference section */

/* Begin PBXFrameworksBuildPhase section */
		3F1757421B0610AC0085EFA8 /* Frameworks */ = {
			isa = PBXFrameworksBuildPhase;
			buildActionMask = 2147483647;
			files = (
			);
			runOnlyForDeploymentPostprocessing = 0;
		};
		3F17575E1B0610AC0085EFA8 /* Frameworks */ = {
			isa = PBXFrameworksBuildPhase;
			buildActionMask = 2147483647;
			files = (
			);
			runOnlyForDeploymentPostprocessing = 0;
		};
/* End PBXFrameworksBuildPhase section */

/* Begin PBXGroup section */
		3F17573C1B0610AC0085EFA8 = {
			isa = PBXGroup;
			children = (
				3F1757471B0610AC0085EFA8 /* MyBrowseOverflow */,
				3F1757641B0610AC0085EFA8 /* MyBrowseOverflowTests */,
				3F1757461B0610AC0085EFA8 /* Products */,
			);
			sourceTree = "<group>";
		};
		3F1757461B0610AC0085EFA8 /* Products */ = {
			isa = PBXGroup;
			children = (
				3F1757451B0610AC0085EFA8 /* MyBrowseOverflow.app */,
				3F1757611B0610AC0085EFA8 /* MyBrowseOverflowTests.xctest */,
			);
			name = Products;
			sourceTree = "<group>";
		};
		3F1757471B0610AC0085EFA8 /* MyBrowseOverflow */ = {
			isa = PBXGroup;
			children = (
				3F1757721B06255A0085EFA8 /* Model */,
				3F17574C1B0610AC0085EFA8 /* AppDelegate.h */,
				3F17574D1B0610AC0085EFA8 /* AppDelegate.m */,
				3F17574F1B0610AC0085EFA8 /* MasterViewController.h */,
				3F1757501B0610AC0085EFA8 /* MasterViewController.m */,
				3F1757521B0610AC0085EFA8 /* DetailViewController.h */,
				3F1757531B0610AC0085EFA8 /* DetailViewController.m */,
				3F1757551B0610AC0085EFA8 /* Main.storyboard */,
				3F1757581B0610AC0085EFA8 /* Images.xcassets */,
				3F17575A1B0610AC0085EFA8 /* LaunchScreen.xib */,
				3F1757481B0610AC0085EFA8 /* Supporting Files */,
			);
			path = MyBrowseOverflow;
			sourceTree = "<group>";
		};
		3F1757481B0610AC0085EFA8 /* Supporting Files */ = {
			isa = PBXGroup;
			children = (
				3F1757491B0610AC0085EFA8 /* Info.plist */,
				3F17574A1B0610AC0085EFA8 /* main.m */,
			);
			name = "Supporting Files";
			sourceTree = "<group>";
		};
		3F1757641B0610AC0085EFA8 /* MyBrowseOverflowTests */ = {
			isa = PBXGroup;
			children = (
				3F1757711B0625550085EFA8 /* Model */,
				3F1757651B0610AC0085EFA8 /* Supporting Files */,
			);
			path = MyBrowseOverflowTests;
			sourceTree = "<group>";
		};
		3F1757651B0610AC0085EFA8 /* Supporting Files */ = {
			isa = PBXGroup;
			children = (
				3F1757781B0627EF0085EFA8 /* MyBrowseOverflowTests-Prefix.pch */,
				3F1757661B0610AC0085EFA8 /* Info.plist */,
			);
			name = "Supporting Files";
			sourceTree = "<group>";
		};
		3F1757711B0625550085EFA8 /* Model */ = {
			isa = PBXGroup;
			children = (
				3F1757731B06256E0085EFA8 /* TopicTests.m */,
			);
			path = Model;
			sourceTree = "<group>";
		};
		3F1757721B06255A0085EFA8 /* Model */ = {
			isa = PBXGroup;
			children = (
				3F1757751B0625DF0085EFA8 /* Topic.h */,
				3F1757761B0625DF0085EFA8 /* Topic.m */,
			);
			path = Model;
			sourceTree = "<group>";
		};
/* End PBXGroup section */

/* Begin PBXNativeTarget section */
		3F1757441B0610AC0085EFA8 /* MyBrowseOverflow */ = {
			isa = PBXNativeTarget;
			buildConfigurationList = 3F17576B1B0610AC0085EFA8 /* Build configuration list for PBXNativeTarget "MyBrowseOverflow" */;
			buildPhases = (
				3F1757411B0610AC0085EFA8 /* Sources */,
				3F1757421B0610AC0085EFA8 /* Frameworks */,
				3F1757431B0610AC0085EFA8 /* Resources */,
			);
			buildRules = (
			);
			dependencies = (
			);
			name = MyBrowseOverflow;
			productName = MyBrowseOverflow;
			productReference = 3F1757451B0610AC0085EFA8 /* MyBrowseOverflow.app */;
			productType = "com.apple.product-type.application";
		};
		3F1757601B0610AC0085EFA8 /* MyBrowseOverflowTests */ = {
			isa = PBXNativeTarget;
			buildConfigurationList = 3F17576E1B0610AC0085EFA8 /* Build configuration list for PBXNativeTarget "MyBrowseOverflowTests" */;
			buildPhases = (
				3F17575D1B0610AC0085EFA8 /* Sources */,
				3F17575E1B0610AC0085EFA8 /* Frameworks */,
				3F17575F1B0610AC0085EFA8 /* Resources */,
			);
			buildRules = (
			);
			dependencies = (
				3F1757631B0610AC0085EFA8 /* PBXTargetDependency */,
			);
			name = MyBrowseOverflowTests;
			productName = MyBrowseOverflowTests;
			productReference = 3F1757611B0610AC0085EFA8 /* MyBrowseOverflowTests.xctest */;
			productType = "com.apple.product-type.bundle.unit-test";
		};
/* End PBXNativeTarget section */

/* Begin PBXProject section */
		3F17573D1B0610AC0085EFA8 /* Project object */ = {
			isa = PBXProject;
			attributes = {
				LastUpgradeCheck = 0630;
				ORGANIZATIONNAME = "Alex Salom © alexsalom.es";
				TargetAttributes = {
					3F1757441B0610AC0085EFA8 = {
						CreatedOnToolsVersion = 6.3.1;
					};
					3F1757601B0610AC0085EFA8 = {
						CreatedOnToolsVersion = 6.3.1;
						TestTargetID = 3F1757441B0610AC0085EFA8;
					};
				};
			};
			buildConfigurationList = 3F1757401B0610AC0085EFA8 /* Build configuration list for PBXProject "MyBrowseOverflow" */;
			compatibilityVersion = "Xcode 3.2";
			developmentRegion = English;
			hasScannedForEncodings = 0;
			knownRegions = (
				en,
				Base,
			);
			mainGroup = 3F17573C1B0610AC0085EFA8;
			productRefGroup = 3F1757461B0610AC0085EFA8 /* Products */;
			projectDirPath = "";
			projectRoot = "";
			targets = (
				3F1757441B0610AC0085EFA8 /* MyBrowseOverflow */,
				3F1757601B0610AC0085EFA8 /* MyBrowseOverflowTests */,
			);
		};
/* End PBXProject section */

/* Begin PBXResourcesBuildPhase section */
		3F1757431B0610AC0085EFA8 /* Resources */ = {
			isa = PBXResourcesBuildPhase;
			buildActionMask = 2147483647;
			files = (
				3F1757571B0610AC0085EFA8 /* Main.storyboard in Resources */,
				3F17575C1B0610AC0085EFA8 /* LaunchScreen.xib in Resources */,
				3F1757591B0610AC0085EFA8 /* Images.xcassets in Resources */,
			);
			runOnlyForDeploymentPostprocessing = 0;
		};
		3F17575F1B0610AC0085EFA8 /* Resources */ = {
			isa = PBXResourcesBuildPhase;
			buildActionMask = 2147483647;
			files = (
			);
			runOnlyForDeploymentPostprocessing = 0;
		};
/* End PBXResourcesBuildPhase section */

/* Begin PBXSourcesBuildPhase section */
		3F1757411B0610AC0085EFA8 /* Sources */ = {
			isa = PBXSourcesBuildPhase;
			buildActionMask = 2147483647;
			files = (
				3F17574E1B0610AC0085EFA8 /* AppDelegate.m in Sources */,
				3F1757511B0610AC0085EFA8 /* MasterViewController.m in Sources */,
				3F17574B1B0610AC0085EFA8 /* main.m in Sources */,
				3F1757771B0625DF0085EFA8 /* Topic.m in Sources */,
				3F1757541B0610AC0085EFA8 /* DetailViewController.m in Sources */,
			);
			runOnlyForDeploymentPostprocessing = 0;
		};
		3F17575D1B0610AC0085EFA8 /* Sources */ = {
			isa = PBXSourcesBuildPhase;
			buildActionMask = 2147483647;
			files = (
				3F1757741B06256E0085EFA8 /* TopicTests.m in Sources */,
			);
			runOnlyForDeploymentPostprocessing = 0;
		};
/* End PBXSourcesBuildPhase section */

/* Begin PBXTargetDependency section */
		3F1757631B0610AC0085EFA8 /* PBXTargetDependency */ = {
			isa = PBXTargetDependency;
			target = 3F1757441B0610AC0085EFA8 /* MyBrowseOverflow */;
			targetProxy = 3F1757621B0610AC0085EFA8 /* PBXContainerItemProxy */;
		};
/* End PBXTargetDependency section */

/* Begin PBXVariantGroup section */
		3F1757551B0610AC0085EFA8 /* Main.storyboard */ = {
			isa = PBXVariantGroup;
			children = (
				3F1757561B0610AC0085EFA8 /* Base */,
			);
			name = Main.storyboard;
			sourceTree = "<group>";
		};
		3F17575A1B0610AC0085EFA8 /* LaunchScreen.xib */ = {
			isa = PBXVariantGroup;
			children = (
				3F17575B1B0610AC0085EFA8 /* Base */,
			);
			name = LaunchScreen.xib;
			sourceTree = "<group>";
		};
/* End PBXVariantGroup section */

/* Begin XCBuildConfiguration section */
		3F1757691B0610AC0085EFA8 /* Debug */ = {
			isa = XCBuildConfiguration;
			buildSettings = {
				ALWAYS_SEARCH_USER_PATHS = NO;
				CLANG_CXX_LANGUAGE_STANDARD = "gnu++0x";
				CLANG_CXX_LIBRARY = "libc++";
				CLANG_ENABLE_MODULES = YES;
				CLANG_ENABLE_OBJC_ARC = YES;
				CLANG_WARN_BOOL_CONVERSION = YES;
				CLANG_WARN_CONSTANT_CONVERSION = YES;
				CLANG_WARN_DIRECT_OBJC_ISA_USAGE = YES_ERROR;
				CLANG_WARN_EMPTY_BODY = YES;
				CLANG_WARN_ENUM_CONVERSION = YES;
				CLANG_WARN_INT_CONVERSION = YES;
				CLANG_WARN_OBJC_ROOT_CLASS = YES_ERROR;
				CLANG_WARN_UNREACHABLE_CODE = YES;
				CLANG_WARN__DUPLICATE_METHOD_MATCH = YES;
				"CODE_SIGN_IDENTITY[sdk=iphoneos*]" = "iPhone Developer";
				COPY_PHASE_STRIP = NO;
				DEBUG_INFORMATION_FORMAT = "dwarf-with-dsym";
				ENABLE_STRICT_OBJC_MSGSEND = YES;
				GCC_C_LANGUAGE_STANDARD = gnu99;
				GCC_DYNAMIC_NO_PIC = NO;
				GCC_NO_COMMON_BLOCKS = YES;
				GCC_OPTIMIZATION_LEVEL = 0;
				GCC_PREPROCESSOR_DEFINITIONS = (
					"DEBUG=1",
					"$(inherited)",
				);
				GCC_SYMBOLS_PRIVATE_EXTERN = NO;
				GCC_WARN_64_TO_32_BIT_CONVERSION = YES;
				GCC_WARN_ABOUT_RETURN_TYPE = YES_ERROR;
				GCC_WARN_UNDECLARED_SELECTOR = YES;
				GCC_WARN_UNINITIALIZED_AUTOS = YES_AGGRESSIVE;
				GCC_WARN_UNUSED_FUNCTION = YES;
				GCC_WARN_UNUSED_VARIABLE = YES;
				IPHONEOS_DEPLOYMENT_TARGET = 8.3;
				MTL_ENABLE_DEBUG_INFO = YES;
				ONLY_ACTIVE_ARCH = YES;
				SDKROOT = iphoneos;
			};
			name = Debug;
		};
		3F17576A1B0610AC0085EFA8 /* Release */ = {
			isa = XCBuildConfiguration;
			buildSettings = {
				ALWAYS_SEARCH_USER_PATHS = NO;
				CLANG_CXX_LANGUAGE_STANDARD = "gnu++0x";
				CLANG_CXX_LIBRARY = "libc++";
				CLANG_ENABLE_MODULES = YES;
				CLANG_ENABLE_OBJC_ARC = YES;
				CLANG_WARN_BOOL_CONVERSION = YES;
				CLANG_WARN_CONSTANT_CONVERSION = YES;
				CLANG_WARN_DIRECT_OBJC_ISA_USAGE = YES_ERROR;
				CLANG_WARN_EMPTY_BODY = YES;
				CLANG_WARN_ENUM_CONVERSION = YES;
				CLANG_WARN_INT_CONVERSION = YES;
				CLANG_WARN_OBJC_ROOT_CLASS = YES_ERROR;
				CLANG_WARN_UNREACHABLE_CODE = YES;
				CLANG_WARN__DUPLICATE_METHOD_MATCH = YES;
				"CODE_SIGN_IDENTITY[sdk=iphoneos*]" = "iPhone Developer";
				COPY_PHASE_STRIP = NO;
				DEBUG_INFORMATION_FORMAT = "dwarf-with-dsym";
				ENABLE_NS_ASSERTIONS = NO;
				ENABLE_STRICT_OBJC_MSGSEND = YES;
				GCC_C_LANGUAGE_STANDARD = gnu99;
				GCC_NO_COMMON_BLOCKS = YES;
				GCC_WARN_64_TO_32_BIT_CONVERSION = YES;
				GCC_WARN_ABOUT_RETURN_TYPE = YES_ERROR;
				GCC_WARN_UNDECLARED_SELECTOR = YES;
				GCC_WARN_UNINITIALIZED_AUTOS = YES_AGGRESSIVE;
				GCC_WARN_UNUSED_FUNCTION = YES;
				GCC_WARN_UNUSED_VARIABLE = YES;
				IPHONEOS_DEPLOYMENT_TARGET = 8.3;
				MTL_ENABLE_DEBUG_INFO = NO;
				SDKROOT = iphoneos;
				VALIDATE_PRODUCT = YES;
			};
			name = Release;
		};
		3F17576C1B0610AC0085EFA8 /* Debug */ = {
			isa = XCBuildConfiguration;
			buildSettings = {
				ASSETCATALOG_COMPILER_APPICON_NAME = AppIcon;
				INFOPLIST_FILE = MyBrowseOverflow/Info.plist;
				IPHONEOS_DEPLOYMENT_TARGET = 8.0;
				LD_RUNPATH_SEARCH_PATHS = "$(inherited) @executable_path/Frameworks";
				PRODUCT_NAME = "$(TARGET_NAME)";
			};
			name = Debug;
		};
		3F17576D1B0610AC0085EFA8 /* Release */ = {
			isa = XCBuildConfiguration;
			buildSettings = {
				ASSETCATALOG_COMPILER_APPICON_NAME = AppIcon;
				INFOPLIST_FILE = MyBrowseOverflow/Info.plist;
				IPHONEOS_DEPLOYMENT_TARGET = 8.0;
				LD_RUNPATH_SEARCH_PATHS = "$(inherited) @executable_path/Frameworks";
				PRODUCT_NAME = "$(TARGET_NAME)";
			};
			name = Release;
		};
		3F17576F1B0610AC0085EFA8 /* Debug */ = {
			isa = XCBuildConfiguration;
			buildSettings = {
				BUNDLE_LOADER = "$(TEST_HOST)";
				FRAMEWORK_SEARCH_PATHS = (
					"$(SDKROOT)/Developer/Library/Frameworks",
					"$(inherited)",
				);
				GCC_PRECOMPILE_PREFIX_HEADER = YES;
				GCC_PREFIX_HEADER = "MyBrowseOverflowTests/MyBrowseOverflowTests-Prefix.pch";
				GCC_PREPROCESSOR_DEFINITIONS = (
					"DEBUG=1",
					"$(inherited)",
				);
				INFOPLIST_FILE = MyBrowseOverflowTests/Info.plist;
				LD_RUNPATH_SEARCH_PATHS = "$(inherited) @executable_path/Frameworks @loader_path/Frameworks";
				PRODUCT_NAME = "$(TARGET_NAME)";
				TEST_HOST = "$(BUILT_PRODUCTS_DIR)/MyBrowseOverflow.app/MyBrowseOverflow";
			};
			name = Debug;
		};
		3F1757701B0610AC0085EFA8 /* Release */ = {
			isa = XCBuildConfiguration;
			buildSettings = {
				BUNDLE_LOADER = "$(TEST_HOST)";
				FRAMEWORK_SEARCH_PATHS = (
					"$(SDKROOT)/Developer/Library/Frameworks",
					"$(inherited)",
				);
				GCC_PRECOMPILE_PREFIX_HEADER = YES;
				GCC_PREFIX_HEADER = "MyBrowseOverflowTests/MyBrowseOverflowTests-Prefix.pch";
				INFOPLIST_FILE = MyBrowseOverflowTests/Info.plist;
				LD_RUNPATH_SEARCH_PATHS = "$(inherited) @executable_path/Frameworks @loader_path/Frameworks";
				PRODUCT_NAME = "$(TARGET_NAME)";
				TEST_HOST = "$(BUILT_PRODUCTS_DIR)/MyBrowseOverflow.app/MyBrowseOverflow";
			};
			name = Release;
		};
/* End XCBuildConfiguration section */

/* Begin XCConfigurationList section */
		3F1757401B0610AC0085EFA8 /* Build configuration list for PBXProject "MyBrowseOverflow" */ = {
			isa = XCConfigurationList;
			buildConfigurations = (
				3F1757691B0610AC0085EFA8 /* Debug */,
				3F17576A1B0610AC0085EFA8 /* Release */,
			);
			defaultConfigurationIsVisible = 0;
			defaultConfigurationName = Release;
		};
		3F17576B1B0610AC0085EFA8 /* Build configuration list for PBXNativeTarget "MyBrowseOverflow" */ = {
			isa = XCConfigurationList;
			buildConfigurations = (
				3F17576C1B0610AC0085EFA8 /* Debug */,
				3F17576D1B0610AC0085EFA8 /* Release */,
			);
			defaultConfigurationIsVisible = 0;
			defaultConfigurationName = Release;
		};
		3F17576E1B0610AC0085EFA8 /* Build configuration list for PBXNativeTarget "MyBrowseOverflowTests" */ = {
			isa = XCConfigurationList;
			buildConfigurations = (
				3F17576F1B0610AC0085EFA8 /* Debug */,
				3F1757701B0610AC0085EFA8 /* Release */,
			);
			defaultConfigurationIsVisible = 0;
			defaultConfigurationName = Release;
		};
/* End XCConfigurationList section */
	};
	rootObject = 3F17573D1B0610AC0085EFA8 /* Project object */;
}
